
Microsoft Visual Studio Solution File, Format Version 12.00
# Visual Studio Version 17
VisualStudioVersion = 17.14.36414.22 d17.14
MinimumVisualStudioVersion = 10.0.40219.1
Project("{FAE04EC0-301F-11D3-BF4B-00C04F79EFBC}") = "pryIngresarRepuestos", "pryIngresarRepuestos.csproj", "{8C7E118B-0FC1-423B-AAE4-8D797AC3DBAD}"
EndProject
Global
	GlobalSection(SolutionConfigurationPlatforms) = preSolution
		Debug|Any CPU = Debug|Any CPU
		Release|Any CPU = Release|Any CPU
	EndGlobalSection
	GlobalSection(ProjectConfigurationPlatforms) = postSolution
		{8C7E118B-0FC1-423B-AAE4-8D797AC3DBAD}.Debug|Any CPU.ActiveCfg = Debug|Any CPU
		{8C7E118B-0FC1-423B-AAE4-8D797AC3DBAD}.Debug|Any CPU.Build.0 = Debug|Any CPU
		{8C7E118B-0FC1-423B-AAE4-8D797AC3DBAD}.Release|Any CPU.ActiveCfg = Release|Any CPU
		{8C7E118B-0FC1-423B-AAE4-8D797AC3DBAD}.Release|Any CPU.Build.0 = Release|Any CPU
	EndGlobalSection
	GlobalSection(SolutionProperties) = preSolution
		HideSolutionNode = FALSE
	EndGlobalSection
	GlobalSection(ExtensibilityGlobals) = postSolution
		SolutionGuid = {50C27BCE-6EA4-494F-A487-5B3847BB60EA}
	EndGlobalSection
EndGlobal
